
Microsoft Visual Studio Solution File, Format Version 12.00
# Visual Studio Version 16
VisualStudioVersion = 16.0.30711.63
MinimumVisualStudioVersion = 10.0.40219.1
Project("{9A19103F-16F7-4668-BE54-9A1E7A4F7556}") = "BotOnTrial", "BotOnTrial\BotOnTrial.csproj", "{3A36AF44-DC82-4E39-893C-BB047C4B2F54}"
EndProject
Project("{9A19103F-16F7-4668-BE54-9A1E7A4F7556}") = "Bot.Core", "Bot.Core\Bot.Core.csproj", "{5884F791-600C-4D98-BECF-CF367A19A07D}"
EndProject
Project("{FAE04EC0-301F-11D3-BF4B-00C04F79EFBC}") = "Bot.Data", "Bot.Data\Bot.Data.csproj", "{BE2BC896-6F60-496F-B5BD-34BBAC83C71E}"
EndProject
Project("{9A19103F-16F7-4668-BE54-9A1E7A4F7556}") = "Cored", "..\Fabric\Source\Cored\Cored.csproj", "{BB6C77E2-59DA-473D-B50C-83BE3F3349AD}"
EndProject
Global
	GlobalSection(SolutionConfigurationPlatforms) = preSolution
		Debug|Any CPU = Debug|Any CPU
		Release|Any CPU = Release|Any CPU
	EndGlobalSection
	GlobalSection(ProjectConfigurationPlatforms) = postSolution
		{3A36AF44-DC82-4E39-893C-BB047C4B2F54}.Debug|Any CPU.ActiveCfg = Debug|Any CPU
		{3A36AF44-DC82-4E39-893C-BB047C4B2F54}.Debug|Any CPU.Build.0 = Debug|Any CPU
		{3A36AF44-DC82-4E39-893C-BB047C4B2F54}.Release|Any CPU.ActiveCfg = Release|Any CPU
		{3A36AF44-DC82-4E39-893C-BB047C4B2F54}.Release|Any CPU.Build.0 = Release|Any CPU
		{5884F791-600C-4D98-BECF-CF367A19A07D}.Debug|Any CPU.ActiveCfg = Debug|Any CPU
		{5884F791-600C-4D98-BECF-CF367A19A07D}.Debug|Any CPU.Build.0 = Debug|Any CPU
		{5884F791-600C-4D98-BECF-CF367A19A07D}.Release|Any CPU.ActiveCfg = Release|Any CPU
		{5884F791-600C-4D98-BECF-CF367A19A07D}.Release|Any CPU.Build.0 = Release|Any CPU
		{BE2BC896-6F60-496F-B5BD-34BBAC83C71E}.Debug|Any CPU.ActiveCfg = Debug|Any CPU
		{BE2BC896-6F60-496F-B5BD-34BBAC83C71E}.Debug|Any CPU.Build.0 = Debug|Any CPU
		{BE2BC896-6F60-496F-B5BD-34BBAC83C71E}.Release|Any CPU.ActiveCfg = Release|Any CPU
		{BE2BC896-6F60-496F-B5BD-34BBAC83C71E}.Release|Any CPU.Build.0 = Release|Any CPU
		{BB6C77E2-59DA-473D-B50C-83BE3F3349AD}.Debug|Any CPU.ActiveCfg = Debug|Any CPU
		{BB6C77E2-59DA-473D-B50C-83BE3F3349AD}.Debug|Any CPU.Build.0 = Debug|Any CPU
		{BB6C77E2-59DA-473D-B50C-83BE3F3349AD}.Release|Any CPU.ActiveCfg = Release|Any CPU
		{BB6C77E2-59DA-473D-B50C-83BE3F3349AD}.Release|Any CPU.Build.0 = Release|Any CPU
	EndGlobalSection
	GlobalSection(SolutionProperties) = preSolution
		HideSolutionNode = FALSE
	EndGlobalSection
	GlobalSection(ExtensibilityGlobals) = postSolution
		SolutionGuid = {284D645C-AB1E-453C-AF47-A1959B96EEF3}
	EndGlobalSection
EndGlobal
